
Microsoft Visual Studio Solution File, Format Version 12.00
# Visual Studio Version 16
VisualStudioVersion = 16.0.32602.291
MinimumVisualStudioVersion = 10.0.40219.1
Project("{FAE04EC0-301F-11D3-BF4B-00C04F79EFBC}") = "Lab_1", "Lab_1\Lab_1.csproj", "{08AEE2C9-30E6-43FB-BAC8-01CEF8A92184}"
EndProject
Global
	GlobalSection(SolutionConfigurationPlatforms) = preSolution
		Debug|Any CPU = Debug|Any CPU
		Release|Any CPU = Release|Any CPU
	EndGlobalSection
	GlobalSection(ProjectConfigurationPlatforms) = postSolution
		{08AEE2C9-30E6-43FB-BAC8-01CEF8A92184}.Debug|Any CPU.ActiveCfg = Debug|Any CPU
		{08AEE2C9-30E6-43FB-BAC8-01CEF8A92184}.Debug|Any CPU.Build.0 = Debug|Any CPU
		{08AEE2C9-30E6-43FB-BAC8-01CEF8A92184}.Release|Any CPU.ActiveCfg = Release|Any CPU
		{08AEE2C9-30E6-43FB-BAC8-01CEF8A92184}.Release|Any CPU.Build.0 = Release|Any CPU
	EndGlobalSection
	GlobalSection(SolutionProperties) = preSolution
		HideSolutionNode = FALSE
	EndGlobalSection
	GlobalSection(ExtensibilityGlobals) = postSolution
		SolutionGuid = {4347A105-07A0-4E6C-A5D6-A42358367D85}
	EndGlobalSection
EndGlobal
